{
  "name": "cs",
  "version": "1.0.0",
  "lockfileVersion": 2,
  "requires": true,
  "packages": {
    "": {
      "name": "cs",
      "version": "1.0.0",
      "license": "ISC",
      "dependencies": {
        "complexity-report": "^2.0.0-alpha",
        "execution-time": "^1.4.1"
      }
    },
    "node_modules/async": {
      "version": "1.5.2",
      "resolved": "https://registry.npmjs.org/async/-/async-1.5.2.tgz",
      "integrity": "sha1-7GphrlZIDAw8skHJVhjiCJL5Zyo="
    },
    "node_modules/check-types": {
      "version": "4.3.0",
      "resolved": "https://registry.npmjs.org/check-types/-/check-types-4.3.0.tgz",
      "integrity": "sha1-90OvhLqh4hpXohv2AZsOM+tqEsE="
    },
    "node_modules/commander": {
      "version": "2.20.3",
      "resolved": "https://registry.npmjs.org/commander/-/commander-2.20.3.tgz",
      "integrity": "sha512-GpVkmM8vF2vQUkj2LvZmD35JxeJOLCwJ9cUkugyk2nuhbv3+mJvpLYYt+0+USMxE+oj+ey/lJEnhZw75x/OMcQ=="
    },
    "node_modules/complexity-report": {
      "version": "2.0.0-alpha",
      "resolved": "https://registry.npmjs.org/complexity-report/-/complexity-report-2.0.0-alpha.tgz",
      "integrity": "sha1-nzsB5HCwuhHMpHJrQut/IaoEOxw=",
      "dependencies": {
        "async": "^1.4.2",
        "check-types": "^4.2.0",
        "commander": "^2.9.0",
        "escomplex": "2.0.0-alpha",
        "esprima": "^2.7.2"
      },
      "bin": {
        "cr": "src/index.js"
      }
    },
    "node_modules/escomplex": {
      "version": "2.0.0-alpha",
      "resolved": "https://registry.npmjs.org/escomplex/-/escomplex-2.0.0-alpha.tgz",
      "integrity": "sha1-/Wp5hl2br1fEw+0bL+Z3cU5ElgY=",
      "dependencies": {
        "check-types": "^5.1.0"
      }
    },
    "node_modules/escomplex/node_modules/check-types": {
      "version": "5.1.0",
      "resolved": "https://registry.npmjs.org/check-types/-/check-types-5.1.0.tgz",
      "integrity": "sha1-NzlN07YEKlEVXpJsOpF1PUmeXcg="
    },
    "node_modules/esprima": {
      "version": "2.7.3",
      "resolved": "https://registry.npmjs.org/esprima/-/esprima-2.7.3.tgz",
      "integrity": "sha1-luO3DVd59q1JzQMmc9HDEnZ7pYE=",
      "bin": {
        "esparse": "bin/esparse.js",
        "esvalidate": "bin/esvalidate.js"
      },
      "engines": {
        "node": ">=0.10.0"
      }
    },
    "node_modules/execution-time": {
      "version": "1.4.1",
      "resolved": "https://registry.npmjs.org/execution-time/-/execution-time-1.4.1.tgz",
      "integrity": "sha512-4t9svrTtsXxAEzAs9/tm1R/Voj5AYHqxd72BiLEbGQWJq2PD3tAmW8bXI7Pp0yorjaKshT1+NyKy0ytHlKW4Pg==",
      "dependencies": {
        "pretty-hrtime": "^1.0.3"
      }
    },
    "node_modules/pretty-hrtime": {
      "version": "1.0.3",
      "resolved": "https://registry.npmjs.org/pretty-hrtime/-/pretty-hrtime-1.0.3.tgz",
      "integrity": "sha1-t+PqQkNaTJsnWdmeDyAesZWALuE=",
      "engines": {
        "node": ">= 0.8"
      }
    }
  },
  "dependencies": {
    "async": {
      "version": "1.5.2",
      "resolved": "https://registry.npmjs.org/async/-/async-1.5.2.tgz",
      "integrity": "sha1-7GphrlZIDAw8skHJVhjiCJL5Zyo="
    },
    "check-types": {
      "version": "4.3.0",
      "resolved": "https://registry.npmjs.org/check-types/-/check-types-4.3.0.tgz",
      "integrity": "sha1-90OvhLqh4hpXohv2AZsOM+tqEsE="
    },
    "commander": {
      "version": "2.20.3",
      "resolved": "https://registry.npmjs.org/commander/-/commander-2.20.3.tgz",
      "integrity": "sha512-GpVkmM8vF2vQUkj2LvZmD35JxeJOLCwJ9cUkugyk2nuhbv3+mJvpLYYt+0+USMxE+oj+ey/lJEnhZw75x/OMcQ=="
    },
    "complexity-report": {
      "version": "2.0.0-alpha",
      "resolved": "https://registry.npmjs.org/complexity-report/-/complexity-report-2.0.0-alpha.tgz",
      "integrity": "sha1-nzsB5HCwuhHMpHJrQut/IaoEOxw=",
      "requires": {
        "async": "^1.4.2",
        "check-types": "^4.2.0",
        "commander": "^2.9.0",
        "escomplex": "2.0.0-alpha",
        "esprima": "^2.7.2"
      }
    },
    "escomplex": {
      "version": "2.0.0-alpha",
      "resolved": "https://registry.npmjs.org/escomplex/-/escomplex-2.0.0-alpha.tgz",
      "integrity": "sha1-/Wp5hl2br1fEw+0bL+Z3cU5ElgY=",
      "requires": {
        "check-types": "^5.1.0"
      },
      "dependencies": {
        "check-types": {
          "version": "5.1.0",
          "resolved": "https://registry.npmjs.org/check-types/-/check-types-5.1.0.tgz",
          "integrity": "sha1-NzlN07YEKlEVXpJsOpF1PUmeXcg="
        }
      }
    },
    "esprima": {
      "version": "2.7.3",
      "resolved": "https://registry.npmjs.org/esprima/-/esprima-2.7.3.tgz",
      "integrity": "sha1-luO3DVd59q1JzQMmc9HDEnZ7pYE="
    },
    "execution-time": {
      "version": "1.4.1",
      "resolved": "https://registry.npmjs.org/execution-time/-/execution-time-1.4.1.tgz",
      "integrity": "sha512-4t9svrTtsXxAEzAs9/tm1R/Voj5AYHqxd72BiLEbGQWJq2PD3tAmW8bXI7Pp0yorjaKshT1+NyKy0ytHlKW4Pg==",
      "requires": {
        "pretty-hrtime": "^1.0.3"
      }
    },
    "pretty-hrtime": {
      "version": "1.0.3",
      "resolved": "https://registry.npmjs.org/pretty-hrtime/-/pretty-hrtime-1.0.3.tgz",
      "integrity": "sha1-t+PqQkNaTJsnWdmeDyAesZWALuE="
    }
  }
}
